// !$*UTF8*$!
{
	archiveVersion = 1;
	classes = {
	};
	objectVersion = 46;
	objects = {

/* Begin PBXBuildFile section */
		693AF3261DECB78400B8559E /* organism.cpp in Sources */ = {isa = PBXBuildFile; fileRef = 693AF3241DECB78400B8559E /* organism.cpp */; };
		695EDFAD1DD36E3D0023EFBB /* main.cpp in Sources */ = {isa = PBXBuildFile; fileRef = 695EDFAC1DD36E3D0023EFBB /* main.cpp */; };
		695EDFB91DD374460023EFBB /* OpenGL.framework in Frameworks */ = {isa = PBXBuildFile; fileRef = 695EDFB81DD374460023EFBB /* OpenGL.framework */; };
		695EDFBF1DD376EB0023EFBB /* environment.cpp in Sources */ = {isa = PBXBuildFile; fileRef = 695EDFBE1DD376EB0023EFBB /* environment.cpp */; };
		695EDFC11DD3794E0023EFBB /* moskitos.cpp in Sources */ = {isa = PBXBuildFile; fileRef = 695EDFC01DD3794E0023EFBB /* moskitos.cpp */; };
		695EDFC31DD379E70023EFBB /* net.cpp in Sources */ = {isa = PBXBuildFile; fileRef = 695EDFC21DD379E70023EFBB /* net.cpp */; };
		695EDFC51DD37ACC0023EFBB /* perceptron.cpp in Sources */ = {isa = PBXBuildFile; fileRef = 695EDFC41DD37ACC0023EFBB /* perceptron.cpp */; };
		695EDFCB1DD37CAC0023EFBB /* layer.cpp in Sources */ = {isa = PBXBuildFile; fileRef = 695EDFCA1DD37CAC0023EFBB /* layer.cpp */; };
		698A8E2A1DD3E633004E92EC /* SDL2.framework in Frameworks */ = {isa = PBXBuildFile; fileRef = 698A8E291DD3E633004E92EC /* SDL2.framework */; };
		69C75C2E1DE9FEB5003AD979 /* tinyboss.cpp in Sources */ = {isa = PBXBuildFile; fileRef = 69C75C2D1DE9FEB5003AD979 /* tinyboss.cpp */; };
/* End PBXBuildFile section */

/* Begin PBXCopyFilesBuildPhase section */
		695EDFA71DD36E3D0023EFBB /* CopyFiles */ = {
			isa = PBXCopyFilesBuildPhase;
			buildActionMask = 2147483647;
			dstPath = /usr/share/man/man1/;
			dstSubfolderSpec = 0;
			files = (
			);
			runOnlyForDeploymentPostprocessing = 1;
		};
/* End PBXCopyFilesBuildPhase section */

/* Begin PBXFileReference section */
		693AF3241DECB78400B8559E /* organism.cpp */ = {isa = PBXFileReference; fileEncoding = 4; lastKnownFileType = sourcecode.cpp.cpp; path = organism.cpp; sourceTree = "<group>"; };
		693AF3251DECB78400B8559E /* organism.h */ = {isa = PBXFileReference; fileEncoding = 4; lastKnownFileType = sourcecode.c.h; path = organism.h; sourceTree = "<group>"; };
		695EDFA91DD36E3D0023EFBB /* TinyBoss */ = {isa = PBXFileReference; explicitFileType = "compiled.mach-o.executable"; includeInIndex = 0; path = TinyBoss; sourceTree = BUILT_PRODUCTS_DIR; };
		695EDFAC1DD36E3D0023EFBB /* main.cpp */ = {isa = PBXFileReference; lastKnownFileType = sourcecode.cpp.cpp; path = main.cpp; sourceTree = "<group>"; };
		695EDFB31DD3713A0023EFBB /* environment.h */ = {isa = PBXFileReference; lastKnownFileType = sourcecode.c.h; path = environment.h; sourceTree = "<group>"; };
		695EDFB41DD3728F0023EFBB /* moskitos.h */ = {isa = PBXFileReference; lastKnownFileType = sourcecode.c.h; path = moskitos.h; sourceTree = "<group>"; };
		695EDFB61DD373C20023EFBB /* SDL.h */ = {isa = PBXFileReference; lastKnownFileType = sourcecode.c.h; name = SDL.h; path = ../../../../opt/local/include/SDL/SDL.h; sourceTree = "<group>"; };
		695EDFB81DD374460023EFBB /* OpenGL.framework */ = {isa = PBXFileReference; lastKnownFileType = wrapper.framework; name = OpenGL.framework; path = System/Library/Frameworks/OpenGL.framework; sourceTree = SDKROOT; };
		695EDFBA1DD374B30023EFBB /* net.h */ = {isa = PBXFileReference; lastKnownFileType = sourcecode.c.h; path = net.h; sourceTree = "<group>"; };
		695EDFBC1DD375EC0023EFBB /* layer.h */ = {isa = PBXFileReference; lastKnownFileType = sourcecode.c.h; path = layer.h; sourceTree = "<group>"; };
		695EDFBD1DD376640023EFBB /* perceptron.h */ = {isa = PBXFileReference; lastKnownFileType = sourcecode.c.h; path = perceptron.h; sourceTree = "<group>"; };
		695EDFBE1DD376EB0023EFBB /* environment.cpp */ = {isa = PBXFileReference; fileEncoding = 4; lastKnownFileType = sourcecode.cpp.cpp; path = environment.cpp; sourceTree = "<group>"; };
		695EDFC01DD3794E0023EFBB /* moskitos.cpp */ = {isa = PBXFileReference; fileEncoding = 4; lastKnownFileType = sourcecode.cpp.cpp; path = moskitos.cpp; sourceTree = "<group>"; };
		695EDFC21DD379E70023EFBB /* net.cpp */ = {isa = PBXFileReference; fileEncoding = 4; lastKnownFileType = sourcecode.cpp.cpp; path = net.cpp; sourceTree = "<group>"; };
		695EDFC41DD37ACC0023EFBB /* perceptron.cpp */ = {isa = PBXFileReference; fileEncoding = 4; lastKnownFileType = sourcecode.cpp.cpp; path = perceptron.cpp; sourceTree = "<group>"; };
		695EDFC81DD37C270023EFBB /* libSDL.a */ = {isa = PBXFileReference; lastKnownFileType = archive.ar; name = libSDL.a; path = ../../../../opt/local/lib/libSDL.a; sourceTree = "<group>"; };
		695EDFCA1DD37CAC0023EFBB /* layer.cpp */ = {isa = PBXFileReference; fileEncoding = 4; lastKnownFileType = sourcecode.cpp.cpp; path = layer.cpp; sourceTree = "<group>"; };
		695EDFCC1DD37DB50023EFBB /* libSDLmain.a */ = {isa = PBXFileReference; lastKnownFileType = archive.ar; name = libSDLmain.a; path = ../../../../opt/local/lib/libSDLmain.a; sourceTree = "<group>"; };
		698A8E291DD3E633004E92EC /* SDL2.framework */ = {isa = PBXFileReference; lastKnownFileType = wrapper.framework; name = SDL2.framework; path = ../../../../Library/Frameworks/SDL2.framework; sourceTree = "<group>"; };
		69C75C2C1DE9FE9A003AD979 /* tinyboss.h */ = {isa = PBXFileReference; lastKnownFileType = sourcecode.c.h; path = tinyboss.h; sourceTree = "<group>"; };
		69C75C2D1DE9FEB5003AD979 /* tinyboss.cpp */ = {isa = PBXFileReference; fileEncoding = 4; lastKnownFileType = sourcecode.cpp.cpp; path = tinyboss.cpp; sourceTree = "<group>"; };
/* End PBXFileReference section */

/* Begin PBXFrameworksBuildPhase section */
		695EDFA61DD36E3D0023EFBB /* Frameworks */ = {
			isa = PBXFrameworksBuildPhase;
			buildActionMask = 2147483647;
			files = (
				698A8E2A1DD3E633004E92EC /* SDL2.framework in Frameworks */,
				695EDFB91DD374460023EFBB /* OpenGL.framework in Frameworks */,
			);
			runOnlyForDeploymentPostprocessing = 0;
		};
/* End PBXFrameworksBuildPhase section */

/* Begin PBXGroup section */
		695EDFA01DD36E3D0023EFBB = {
			isa = PBXGroup;
			children = (
				695EDFAB1DD36E3D0023EFBB /* TinyBoss */,
				695EDFAA1DD36E3D0023EFBB /* Products */,
				695EDFB51DD373C20023EFBB /* Frameworks */,
			);
			sourceTree = "<group>";
		};
		695EDFAA1DD36E3D0023EFBB /* Products */ = {
			isa = PBXGroup;
			children = (
				695EDFA91DD36E3D0023EFBB /* TinyBoss */,
			);
			name = Products;
			sourceTree = "<group>";
		};
		695EDFAB1DD36E3D0023EFBB /* TinyBoss */ = {
			isa = PBXGroup;
			children = (
				695EDFAC1DD36E3D0023EFBB /* main.cpp */,
				695EDFB31DD3713A0023EFBB /* environment.h */,
				695EDFB41DD3728F0023EFBB /* moskitos.h */,
				695EDFBA1DD374B30023EFBB /* net.h */,
				695EDFBC1DD375EC0023EFBB /* layer.h */,
				695EDFBD1DD376640023EFBB /* perceptron.h */,
				695EDFBE1DD376EB0023EFBB /* environment.cpp */,
				695EDFC01DD3794E0023EFBB /* moskitos.cpp */,
				695EDFC21DD379E70023EFBB /* net.cpp */,
				695EDFC41DD37ACC0023EFBB /* perceptron.cpp */,
				695EDFCA1DD37CAC0023EFBB /* layer.cpp */,
				69C75C2C1DE9FE9A003AD979 /* tinyboss.h */,
				69C75C2D1DE9FEB5003AD979 /* tinyboss.cpp */,
				693AF3241DECB78400B8559E /* organism.cpp */,
				693AF3251DECB78400B8559E /* organism.h */,
			);
			path = TinyBoss;
			sourceTree = "<group>";
		};
		695EDFB51DD373C20023EFBB /* Frameworks */ = {
			isa = PBXGroup;
			children = (
				698A8E291DD3E633004E92EC /* SDL2.framework */,
				695EDFCC1DD37DB50023EFBB /* libSDLmain.a */,
				695EDFC81DD37C270023EFBB /* libSDL.a */,
				695EDFB81DD374460023EFBB /* OpenGL.framework */,
				695EDFB61DD373C20023EFBB /* SDL.h */,
			);
			name = Frameworks;
			sourceTree = "<group>";
		};
/* End PBXGroup section */

/* Begin PBXNativeTarget section */
		695EDFA81DD36E3D0023EFBB /* TinyBoss */ = {
			isa = PBXNativeTarget;
			buildConfigurationList = 695EDFB01DD36E3D0023EFBB /* Build configuration list for PBXNativeTarget "TinyBoss" */;
			buildPhases = (
				695EDFA51DD36E3D0023EFBB /* Sources */,
				695EDFA61DD36E3D0023EFBB /* Frameworks */,
				695EDFA71DD36E3D0023EFBB /* CopyFiles */,
			);
			buildRules = (
			);
			dependencies = (
			);
			name = TinyBoss;
			productName = TinyBoss;
			productReference = 695EDFA91DD36E3D0023EFBB /* TinyBoss */;
			productType = "com.apple.product-type.tool";
		};
/* End PBXNativeTarget section */

/* Begin PBXProject section */
		695EDFA11DD36E3D0023EFBB /* Project object */ = {
			isa = PBXProject;
			attributes = {
				LastUpgradeCheck = 0810;
				ORGANIZATIONNAME = "Blas Eugenio Vicco";
				TargetAttributes = {
					695EDFA81DD36E3D0023EFBB = {
						CreatedOnToolsVersion = 8.1;
						ProvisioningStyle = Automatic;
					};
				};
			};
			buildConfigurationList = 695EDFA41DD36E3D0023EFBB /* Build configuration list for PBXProject "TinyBoss" */;
			compatibilityVersion = "Xcode 3.2";
			developmentRegion = English;
			hasScannedForEncodings = 0;
			knownRegions = (
				en,
			);
			mainGroup = 695EDFA01DD36E3D0023EFBB;
			productRefGroup = 695EDFAA1DD36E3D0023EFBB /* Products */;
			projectDirPath = "";
			projectRoot = "";
			targets = (
				695EDFA81DD36E3D0023EFBB /* TinyBoss */,
			);
		};
/* End PBXProject section */

/* Begin PBXSourcesBuildPhase section */
		695EDFA51DD36E3D0023EFBB /* Sources */ = {
			isa = PBXSourcesBuildPhase;
			buildActionMask = 2147483647;
			files = (
				695EDFAD1DD36E3D0023EFBB /* main.cpp in Sources */,
				695EDFC51DD37ACC0023EFBB /* perceptron.cpp in Sources */,
				695EDFCB1DD37CAC0023EFBB /* layer.cpp in Sources */,
				693AF3261DECB78400B8559E /* organism.cpp in Sources */,
				69C75C2E1DE9FEB5003AD979 /* tinyboss.cpp in Sources */,
				695EDFC11DD3794E0023EFBB /* moskitos.cpp in Sources */,
				695EDFBF1DD376EB0023EFBB /* environment.cpp in Sources */,
				695EDFC31DD379E70023EFBB /* net.cpp in Sources */,
			);
			runOnlyForDeploymentPostprocessing = 0;
		};
/* End PBXSourcesBuildPhase section */

/* Begin XCBuildConfiguration section */
		695EDFAE1DD36E3D0023EFBB /* Debug */ = {
			isa = XCBuildConfiguration;
			buildSettings = {
				ALWAYS_SEARCH_USER_PATHS = NO;
				CLANG_ANALYZER_NONNULL = YES;
				CLANG_CXX_LANGUAGE_STANDARD = "gnu++0x";
				CLANG_CXX_LIBRARY = "libc++";
				CLANG_ENABLE_MODULES = YES;
				CLANG_ENABLE_OBJC_ARC = YES;
				CLANG_WARN_BOOL_CONVERSION = YES;
				CLANG_WARN_CONSTANT_CONVERSION = YES;
				CLANG_WARN_DIRECT_OBJC_ISA_USAGE = YES_ERROR;
				CLANG_WARN_DOCUMENTATION_COMMENTS = YES;
				CLANG_WARN_EMPTY_BODY = YES;
				CLANG_WARN_ENUM_CONVERSION = YES;
				CLANG_WARN_INFINITE_RECURSION = YES;
				CLANG_WARN_INT_CONVERSION = YES;
				CLANG_WARN_OBJC_ROOT_CLASS = YES_ERROR;
				CLANG_WARN_SUSPICIOUS_MOVES = YES;
				CLANG_WARN_UNREACHABLE_CODE = YES;
				CLANG_WARN__DUPLICATE_METHOD_MATCH = YES;
				CODE_SIGN_IDENTITY = "-";
				COPY_PHASE_STRIP = NO;
				DEBUG_INFORMATION_FORMAT = dwarf;
				ENABLE_STRICT_OBJC_MSGSEND = YES;
				ENABLE_TESTABILITY = YES;
				GCC_C_LANGUAGE_STANDARD = gnu99;
				GCC_DYNAMIC_NO_PIC = NO;
				GCC_NO_COMMON_BLOCKS = YES;
				GCC_OPTIMIZATION_LEVEL = 0;
				GCC_PREPROCESSOR_DEFINITIONS = (
					"DEBUG=1",
					"$(inherited)",
				);
				GCC_WARN_64_TO_32_BIT_CONVERSION = YES;
				GCC_WARN_ABOUT_RETURN_TYPE = YES_ERROR;
				GCC_WARN_UNDECLARED_SELECTOR = YES;
				GCC_WARN_UNINITIALIZED_AUTOS = YES_AGGRESSIVE;
				GCC_WARN_UNUSED_FUNCTION = YES;
				GCC_WARN_UNUSED_VARIABLE = YES;
				MACOSX_DEPLOYMENT_TARGET = 10.12;
				MTL_ENABLE_DEBUG_INFO = YES;
				ONLY_ACTIVE_ARCH = YES;
				SDKROOT = macosx;
			};
			name = Debug;
		};
		695EDFAF1DD36E3D0023EFBB /* Release */ = {
			isa = XCBuildConfiguration;
			buildSettings = {
				ALWAYS_SEARCH_USER_PATHS = NO;
				CLANG_ANALYZER_NONNULL = YES;
				CLANG_CXX_LANGUAGE_STANDARD = "gnu++0x";
				CLANG_CXX_LIBRARY = "libc++";
				CLANG_ENABLE_MODULES = YES;
				CLANG_ENABLE_OBJC_ARC = YES;
				CLANG_WARN_BOOL_CONVERSION = YES;
				CLANG_WARN_CONSTANT_CONVERSION = YES;
				CLANG_WARN_DIRECT_OBJC_ISA_USAGE = YES_ERROR;
				CLANG_WARN_DOCUMENTATION_COMMENTS = YES;
				CLANG_WARN_EMPTY_BODY = YES;
				CLANG_WARN_ENUM_CONVERSION = YES;
				CLANG_WARN_INFINITE_RECURSION = YES;
				CLANG_WARN_INT_CONVERSION = YES;
				CLANG_WARN_OBJC_ROOT_CLASS = YES_ERROR;
				CLANG_WARN_SUSPICIOUS_MOVES = YES;
				CLANG_WARN_UNREACHABLE_CODE = YES;
				CLANG_WARN__DUPLICATE_METHOD_MATCH = YES;
				CODE_SIGN_IDENTITY = "-";
				COPY_PHASE_STRIP = NO;
				DEBUG_INFORMATION_FORMAT = "dwarf-with-dsym";
				ENABLE_NS_ASSERTIONS = NO;
				ENABLE_STRICT_OBJC_MSGSEND = YES;
				GCC_C_LANGUAGE_STANDARD = gnu99;
				GCC_NO_COMMON_BLOCKS = YES;
				GCC_WARN_64_TO_32_BIT_CONVERSION = YES;
				GCC_WARN_ABOUT_RETURN_TYPE = YES_ERROR;
				GCC_WARN_UNDECLARED_SELECTOR = YES;
				GCC_WARN_UNINITIALIZED_AUTOS = YES_AGGRESSIVE;
				GCC_WARN_UNUSED_FUNCTION = YES;
				GCC_WARN_UNUSED_VARIABLE = YES;
				MACOSX_DEPLOYMENT_TARGET = 10.12;
				MTL_ENABLE_DEBUG_INFO = NO;
				SDKROOT = macosx;
			};
			name = Release;
		};
		695EDFB11DD36E3D0023EFBB /* Debug */ = {
			isa = XCBuildConfiguration;
			buildSettings = {
				FRAMEWORK_SEARCH_PATHS = (
					"$(inherited)",
					"$(LOCAL_LIBRARY_DIR)/Frameworks",
				);
				LIBRARY_SEARCH_PATHS = (
					"$(inherited)",
					/opt/local/lib,
				);
				PRODUCT_NAME = "$(TARGET_NAME)";
			};
			name = Debug;
		};
		695EDFB21DD36E3D0023EFBB /* Release */ = {
			isa = XCBuildConfiguration;
			buildSettings = {
				FRAMEWORK_SEARCH_PATHS = (
					"$(inherited)",
					"$(LOCAL_LIBRARY_DIR)/Frameworks",
				);
				LIBRARY_SEARCH_PATHS = (
					"$(inherited)",
					/opt/local/lib,
				);
				PRODUCT_NAME = "$(TARGET_NAME)";
			};
			name = Release;
		};
/* End XCBuildConfiguration section */

/* Begin XCConfigurationList section */
		695EDFA41DD36E3D0023EFBB /* Build configuration list for PBXProject "TinyBoss" */ = {
			isa = XCConfigurationList;
			buildConfigurations = (
				695EDFAE1DD36E3D0023EFBB /* Debug */,
				695EDFAF1DD36E3D0023EFBB /* Release */,
			);
			defaultConfigurationIsVisible = 0;
			defaultConfigurationName = Release;
		};
		695EDFB01DD36E3D0023EFBB /* Build configuration list for PBXNativeTarget "TinyBoss" */ = {
			isa = XCConfigurationList;
			buildConfigurations = (
				695EDFB11DD36E3D0023EFBB /* Debug */,
				695EDFB21DD36E3D0023EFBB /* Release */,
			);
			defaultConfigurationIsVisible = 0;
			defaultConfigurationName = Release;
		};
/* End XCConfigurationList section */
	};
	rootObject = 695EDFA11DD36E3D0023EFBB /* Project object */;
}
